
Microsoft Visual Studio Solution File, Format Version 12.00
# Visual Studio Version 17
VisualStudioVersion = 17.6.33815.320
MinimumVisualStudioVersion = 10.0.40219.1
Project("{FAE04EC0-301F-11D3-BF4B-00C04F79EFBC}") = "Matrices", "Matrices\Matrices.csproj", "{2EAA3314-CAC5-4264-9E35-F0F6BE17164C}"
EndProject
Global
	GlobalSection(SolutionConfigurationPlatforms) = preSolution
		Debug|Any CPU = Debug|Any CPU
		Release|Any CPU = Release|Any CPU
	EndGlobalSection
	GlobalSection(ProjectConfigurationPlatforms) = postSolution
		{2EAA3314-CAC5-4264-9E35-F0F6BE17164C}.Debug|Any CPU.ActiveCfg = Debug|Any CPU
		{2EAA3314-CAC5-4264-9E35-F0F6BE17164C}.Debug|Any CPU.Build.0 = Debug|Any CPU
		{2EAA3314-CAC5-4264-9E35-F0F6BE17164C}.Release|Any CPU.ActiveCfg = Release|Any CPU
		{2EAA3314-CAC5-4264-9E35-F0F6BE17164C}.Release|Any CPU.Build.0 = Release|Any CPU
	EndGlobalSection
	GlobalSection(SolutionProperties) = preSolution
		HideSolutionNode = FALSE
	EndGlobalSection
	GlobalSection(ExtensibilityGlobals) = postSolution
		SolutionGuid = {251B5A6A-F267-4CE8-A421-85FBF1DA2F32}
	EndGlobalSection
EndGlobal
