
Microsoft Visual Studio Solution File, Format Version 12.00
# Visual Studio Version 17
VisualStudioVersion = 17.6.33815.320
MinimumVisualStudioVersion = 10.0.40219.1
Project("{FAE04EC0-301F-11D3-BF4B-00C04F79EFBC}") = "Edad", "Edad\Edad.csproj", "{D039D8F8-40F8-49B7-B09A-51EAA70DFF61}"
EndProject
Global
	GlobalSection(SolutionConfigurationPlatforms) = preSolution
		Debug|Any CPU = Debug|Any CPU
		Release|Any CPU = Release|Any CPU
	EndGlobalSection
	GlobalSection(ProjectConfigurationPlatforms) = postSolution
		{D039D8F8-40F8-49B7-B09A-51EAA70DFF61}.Debug|Any CPU.ActiveCfg = Debug|Any CPU
		{D039D8F8-40F8-49B7-B09A-51EAA70DFF61}.Debug|Any CPU.Build.0 = Debug|Any CPU
		{D039D8F8-40F8-49B7-B09A-51EAA70DFF61}.Release|Any CPU.ActiveCfg = Release|Any CPU
		{D039D8F8-40F8-49B7-B09A-51EAA70DFF61}.Release|Any CPU.Build.0 = Release|Any CPU
	EndGlobalSection
	GlobalSection(SolutionProperties) = preSolution
		HideSolutionNode = FALSE
	EndGlobalSection
	GlobalSection(ExtensibilityGlobals) = postSolution
		SolutionGuid = {54882E0E-F331-419C-8009-573657F82B54}
	EndGlobalSection
EndGlobal
