
Microsoft Visual Studio Solution File, Format Version 12.00
# Visual Studio Version 17
VisualStudioVersion = 17.6.33815.320
MinimumVisualStudioVersion = 10.0.40219.1
Project("{FAE04EC0-301F-11D3-BF4B-00C04F79EFBC}") = "ListaPrecio", "ListaPrecio\ListaPrecio.csproj", "{439430CB-2F3E-4793-806A-10B0A05BECA2}"
EndProject
Global
	GlobalSection(SolutionConfigurationPlatforms) = preSolution
		Debug|Any CPU = Debug|Any CPU
		Release|Any CPU = Release|Any CPU
	EndGlobalSection
	GlobalSection(ProjectConfigurationPlatforms) = postSolution
		{439430CB-2F3E-4793-806A-10B0A05BECA2}.Debug|Any CPU.ActiveCfg = Debug|Any CPU
		{439430CB-2F3E-4793-806A-10B0A05BECA2}.Debug|Any CPU.Build.0 = Debug|Any CPU
		{439430CB-2F3E-4793-806A-10B0A05BECA2}.Release|Any CPU.ActiveCfg = Release|Any CPU
		{439430CB-2F3E-4793-806A-10B0A05BECA2}.Release|Any CPU.Build.0 = Release|Any CPU
	EndGlobalSection
	GlobalSection(SolutionProperties) = preSolution
		HideSolutionNode = FALSE
	EndGlobalSection
	GlobalSection(ExtensibilityGlobals) = postSolution
		SolutionGuid = {5C2EE258-18BA-4C5F-BA17-93DFA5B3040E}
	EndGlobalSection
EndGlobal
