
Microsoft Visual Studio Solution File, Format Version 12.00
# Visual Studio Version 17
VisualStudioVersion = 17.6.33815.320
MinimumVisualStudioVersion = 10.0.40219.1
Project("{FAE04EC0-301F-11D3-BF4B-00C04F79EFBC}") = "oper-parte2", "oper-parte2\oper-parte2.csproj", "{BD337A79-AB2A-4845-B059-2A3CA60C7699}"
EndProject
Global
	GlobalSection(SolutionConfigurationPlatforms) = preSolution
		Debug|Any CPU = Debug|Any CPU
		Release|Any CPU = Release|Any CPU
	EndGlobalSection
	GlobalSection(ProjectConfigurationPlatforms) = postSolution
		{BD337A79-AB2A-4845-B059-2A3CA60C7699}.Debug|Any CPU.ActiveCfg = Debug|Any CPU
		{BD337A79-AB2A-4845-B059-2A3CA60C7699}.Debug|Any CPU.Build.0 = Debug|Any CPU
		{BD337A79-AB2A-4845-B059-2A3CA60C7699}.Release|Any CPU.ActiveCfg = Release|Any CPU
		{BD337A79-AB2A-4845-B059-2A3CA60C7699}.Release|Any CPU.Build.0 = Release|Any CPU
	EndGlobalSection
	GlobalSection(SolutionProperties) = preSolution
		HideSolutionNode = FALSE
	EndGlobalSection
	GlobalSection(ExtensibilityGlobals) = postSolution
		SolutionGuid = {1F06F297-9BF0-4E36-8BFA-EA36A3B5F7E0}
	EndGlobalSection
EndGlobal
